{
  "schema_version": "jev-tools.v1",
  "tools": {
    "jevcal": {
      "source": "https://github.com/abhixhek/jevcal",
      "commit": "ae8f3144d69c9cb0e5e0a2c17f70b9d14714cb9f",
      "package": "jevcal==0.1.0",
      "python": ">=3.10",
      "license": "MIT",
      "role": "DEV/EVAL_TOOL",
      "runtime_dependency": false,
      "canonical_import_allowed": false
    },
    "jev-align": {
      "source": "https://github.com/sutro-sh/jev-align",
      "commit": "3d997fc76593036655c28d4964de43b55f81fe2c",
      "package": "jev-align==0.1.4",
      "python": ">=3.11",
      "license": "Apache-2.0",
      "role": "DEV/EVAL_TOOL",
      "runtime_dependency": false,
      "canonical_import_allowed": false
    },
    "system-one-adapter": {
      "source": "https://github.com/typesafe-ai/system-one-adapter-python",
      "commit": "adffc2eab300a4fa3c0e92252d4ffd6ceaa53700",
      "package": "system-one-adapter==0.2.0",
      "python": ">=3.10",
      "license": "MIT",
      "role": "DEV/EVAL_TOOL",
      "runtime_dependency": false,
      "canonical_import_allowed": false
    },
    "typesafe-sdk": {
      "source": "https://github.com/typesafe-ai/typesafe-sdk-python",
      "commit": "0ffd094c72ed9445223060b24ed7a56aa781fb4",
      "package": "typesafe-sdk==0.7.1",
      "python": ">=3.10",
      "license": "MIT",
      "role": "RUNTIME_ADAPTER",
      "runtime_dependency": true,
      "canonical_import_allowed": false
    },
    "jevql": {
      "source": "https://github.com/kylemclaren/jevql",
      "commit": "274532af852e8edfb7715ec6dca1113e589cb191",
      "package": "jevql==0.4.0",
      "subdirectory": "sdk/python",
      "python": ">=3.9",
      "license": "MIT",
      "role": "ISOLATED_OPTIONAL_RUNTIME",
      "runtime_dependency": true,
      "canonical_import_allowed": false,
      "platforms": ["darwin", "linux"]
    },
    "jev-tree": {
      "source": "https://github.com/reachjalil/jev-tree",
      "commit": "95bff63bd653fee4dc71f33f9431dce0f81e2ca3",
      "package": "jev-tree@0.1.0",
      "license": "MIT",
      "role": "ISOLATED_OPTIONAL_RUNTIME",
      "runtime_dependency": true,
      "canonical_import_allowed": false,
      "node": ">=22 <23"
    }
  }
}
